// !$*UTF8*$!
{
	archiveVersion = 1;
	classes = {
	};
	objectVersion = 55;
	objects = {

/* Begin PBXBuildFile section */
		8014A0242817C7D0005F3FA8 /* TOCropViewController.m in Sources */ = {isa = PBXBuildFile; fileRef = 8014A0212817C7D0005F3FA8 /* TOCropViewController.m */; };
		8014A0252817C7D0005F3FA8 /* TOCropViewController.h in Headers */ = {isa = PBXBuildFile; fileRef = 8014A0222817C7D0005F3FA8 /* TOCropViewController.h */; };
		8014A0352817C839005F3FA8 /* TOCropView.h in Headers */ = {isa = PBXBuildFile; fileRef = 8014A02D2817C839005F3FA8 /* TOCropView.h */; };
		8014A0362817C839005F3FA8 /* TOCropOverlayView.h in Headers */ = {isa = PBXBuildFile; fileRef = 8014A02E2817C839005F3FA8 /* TOCropOverlayView.h */; };
		8014A0372817C839005F3FA8 /* TOCropToolbar.h in Headers */ = {isa = PBXBuildFile; fileRef = 8014A02F2817C839005F3FA8 /* TOCropToolbar.h */; };
		8014A0382817C839005F3FA8 /* TOCropScrollView.m in Sources */ = {isa = PBXBuildFile; fileRef = 8014A0302817C839005F3FA8 /* TOCropScrollView.m */; };
		8014A0392817C839005F3FA8 /* TOCropView.m in Sources */ = {isa = PBXBuildFile; fileRef = 8014A0312817C839005F3FA8 /* TOCropView.m */; };
		8014A03A2817C839005F3FA8 /* TOCropOverlayView.m in Sources */ = {isa = PBXBuildFile; fileRef = 8014A0322817C839005F3FA8 /* TOCropOverlayView.m */; };
		8014A03B2817C839005F3FA8 /* TOCropToolbar.m in Sources */ = {isa = PBXBuildFile; fileRef = 8014A0332817C839005F3FA8 /* TOCropToolbar.m */; };
		8014A03C2817C839005F3FA8 /* TOCropScrollView.h in Headers */ = {isa = PBXBuildFile; fileRef = 8014A0342817C839005F3FA8 /* TOCropScrollView.h */; };
		8014A0462817C83D005F3FA8 /* TOActivityCroppedImageProvider.m in Sources */ = {isa = PBXBuildFile; fileRef = 8014A03E2817C83D005F3FA8 /* TOActivityCroppedImageProvider.m */; };
		8014A0472817C83D005F3FA8 /* UIImage+CropRotate.m in Sources */ = {isa = PBXBuildFile; fileRef = 8014A03F2817C83D005F3FA8 /* UIImage+CropRotate.m */; };
		8014A0482817C83D005F3FA8 /* TOCropViewControllerTransitioning.m in Sources */ = {isa = PBXBuildFile; fileRef = 8014A0402817C83D005F3FA8 /* TOCropViewControllerTransitioning.m */; };
		8014A0492817C83D005F3FA8 /* TOCroppedImageAttributes.m in Sources */ = {isa = PBXBuildFile; fileRef = 8014A0412817C83D005F3FA8 /* TOCroppedImageAttributes.m */; };
		8014A04A2817C83D005F3FA8 /* TOActivityCroppedImageProvider.h in Headers */ = {isa = PBXBuildFile; fileRef = 8014A0422817C83D005F3FA8 /* TOActivityCroppedImageProvider.h */; };
		8014A04B2817C83D005F3FA8 /* TOCropViewControllerTransitioning.h in Headers */ = {isa = PBXBuildFile; fileRef = 8014A0432817C83D005F3FA8 /* TOCropViewControllerTransitioning.h */; };
		8014A04C2817C83D005F3FA8 /* UIImage+CropRotate.h in Headers */ = {isa = PBXBuildFile; fileRef = 8014A0442817C83D005F3FA8 /* UIImage+CropRotate.h */; };
		8014A04D2817C83D005F3FA8 /* TOCroppedImageAttributes.h in Headers */ = {isa = PBXBuildFile; fileRef = 8014A0452817C83D005F3FA8 /* TOCroppedImageAttributes.h */; };
		8014A0562817C862005F3FA8 /* UITextView+Placeholder.m in Sources */ = {isa = PBXBuildFile; fileRef = 8014A0512817C862005F3FA8 /* UITextView+Placeholder.m */; };
		8014A0582817C862005F3FA8 /* UITextView+Placeholder.h in Headers */ = {isa = PBXBuildFile; fileRef = 8014A0532817C862005F3FA8 /* UITextView+Placeholder.h */; };
/* End PBXBuildFile section */

/* Begin PBXFileReference section */
		8014A0162817C79E005F3FA8 /* TOCropViewController.framework */ = {isa = PBXFileReference; explicitFileType = wrapper.framework; includeInIndex = 0; path = TOCropViewController.framework; sourceTree = BUILT_PRODUCTS_DIR; };
		8014A0212817C7D0005F3FA8 /* TOCropViewController.m */ = {isa = PBXFileReference; fileEncoding = 4; lastKnownFileType = sourcecode.c.objc; path = TOCropViewController.m; sourceTree = "<group>"; };
		8014A0222817C7D0005F3FA8 /* TOCropViewController.h */ = {isa = PBXFileReference; fileEncoding = 4; lastKnownFileType = sourcecode.c.h; path = TOCropViewController.h; sourceTree = "<group>"; };
		8014A02D2817C839005F3FA8 /* TOCropView.h */ = {isa = PBXFileReference; fileEncoding = 4; lastKnownFileType = sourcecode.c.h; path = TOCropView.h; sourceTree = "<group>"; };
		8014A02E2817C839005F3FA8 /* TOCropOverlayView.h */ = {isa = PBXFileReference; fileEncoding = 4; lastKnownFileType = sourcecode.c.h; path = TOCropOverlayView.h; sourceTree = "<group>"; };
		8014A02F2817C839005F3FA8 /* TOCropToolbar.h */ = {isa = PBXFileReference; fileEncoding = 4; lastKnownFileType = sourcecode.c.h; path = TOCropToolbar.h; sourceTree = "<group>"; };
		8014A0302817C839005F3FA8 /* TOCropScrollView.m */ = {isa = PBXFileReference; fileEncoding = 4; lastKnownFileType = sourcecode.c.objc; path = TOCropScrollView.m; sourceTree = "<group>"; };
		8014A0312817C839005F3FA8 /* TOCropView.m */ = {isa = PBXFileReference; fileEncoding = 4; lastKnownFileType = sourcecode.c.objc; path = TOCropView.m; sourceTree = "<group>"; };
		8014A0322817C839005F3FA8 /* TOCropOverlayView.m */ = {isa = PBXFileReference; fileEncoding = 4; lastKnownFileType = sourcecode.c.objc; path = TOCropOverlayView.m; sourceTree = "<group>"; };
		8014A0332817C839005F3FA8 /* TOCropToolbar.m */ = {isa = PBXFileReference; fileEncoding = 4; lastKnownFileType = sourcecode.c.objc; path = TOCropToolbar.m; sourceTree = "<group>"; };
		8014A0342817C839005F3FA8 /* TOCropScrollView.h */ = {isa = PBXFileReference; fileEncoding = 4; lastKnownFileType = sourcecode.c.h; path = TOCropScrollView.h; sourceTree = "<group>"; };
		8014A03E2817C83D005F3FA8 /* TOActivityCroppedImageProvider.m */ = {isa = PBXFileReference; fileEncoding = 4; lastKnownFileType = sourcecode.c.objc; path = TOActivityCroppedImageProvider.m; sourceTree = "<group>"; };
		8014A03F2817C83D005F3FA8 /* UIImage+CropRotate.m */ = {isa = PBXFileReference; fileEncoding = 4; lastKnownFileType = sourcecode.c.objc; path = "UIImage+CropRotate.m"; sourceTree = "<group>"; };
		8014A0402817C83D005F3FA8 /* TOCropViewControllerTransitioning.m */ = {isa = PBXFileReference; fileEncoding = 4; lastKnownFileType = sourcecode.c.objc; path = TOCropViewControllerTransitioning.m; sourceTree = "<group>"; };
		8014A0412817C83D005F3FA8 /* TOCroppedImageAttributes.m */ = {isa = PBXFileReference; fileEncoding = 4; lastKnownFileType = sourcecode.c.objc; path = TOCroppedImageAttributes.m; sourceTree = "<group>"; };
		8014A0422817C83D005F3FA8 /* TOActivityCroppedImageProvider.h */ = {isa = PBXFileReference; fileEncoding = 4; lastKnownFileType = sourcecode.c.h; path = TOActivityCroppedImageProvider.h; sourceTree = "<group>"; };
		8014A0432817C83D005F3FA8 /* TOCropViewControllerTransitioning.h */ = {isa = PBXFileReference; fileEncoding = 4; lastKnownFileType = sourcecode.c.h; path = TOCropViewControllerTransitioning.h; sourceTree = "<group>"; };
		8014A0442817C83D005F3FA8 /* UIImage+CropRotate.h */ = {isa = PBXFileReference; fileEncoding = 4; lastKnownFileType = sourcecode.c.h; path = "UIImage+CropRotate.h"; sourceTree = "<group>"; };
		8014A0452817C83D005F3FA8 /* TOCroppedImageAttributes.h */ = {isa = PBXFileReference; fileEncoding = 4; lastKnownFileType = sourcecode.c.h; path = TOCroppedImageAttributes.h; sourceTree = "<group>"; };
		8014A0512817C862005F3FA8 /* UITextView+Placeholder.m */ = {isa = PBXFileReference; fileEncoding = 4; lastKnownFileType = sourcecode.c.objc; path = "UITextView+Placeholder.m"; sourceTree = "<group>"; };
		8014A0532817C862005F3FA8 /* UITextView+Placeholder.h */ = {isa = PBXFileReference; fileEncoding = 4; lastKnownFileType = sourcecode.c.h; path = "UITextView+Placeholder.h"; sourceTree = "<group>"; };
/* End PBXFileReference section */

/* Begin PBXFrameworksBuildPhase section */
		8014A0132817C79E005F3FA8 /* Frameworks */ = {
			isa = PBXFrameworksBuildPhase;
			buildActionMask = 2147483647;
			files = (
			);
			runOnlyForDeploymentPostprocessing = 0;
		};
/* End PBXFrameworksBuildPhase section */

/* Begin PBXGroup section */
		8014A00C2817C79E005F3FA8 = {
			isa = PBXGroup;
			children = (
				8014A0182817C79E005F3FA8 /* TOCropViewController */,
				8014A0172817C79E005F3FA8 /* Products */,
			);
			sourceTree = "<group>";
		};
		8014A0172817C79E005F3FA8 /* Products */ = {
			isa = PBXGroup;
			children = (
				8014A0162817C79E005F3FA8 /* TOCropViewController.framework */,
			);
			name = Products;
			sourceTree = "<group>";
		};
		8014A0182817C79E005F3FA8 /* TOCropViewController */ = {
			isa = PBXGroup;
			children = (
				8014A04E2817C862005F3FA8 /* ObjC */,
				8014A03D2817C83D005F3FA8 /* Models */,
				8014A02C2817C839005F3FA8 /* Views */,
				8014A0222817C7D0005F3FA8 /* TOCropViewController.h */,
				8014A0212817C7D0005F3FA8 /* TOCropViewController.m */,
			);
			path = TOCropViewController;
			sourceTree = "<group>";
		};
		8014A02C2817C839005F3FA8 /* Views */ = {
			isa = PBXGroup;
			children = (
				8014A02D2817C839005F3FA8 /* TOCropView.h */,
				8014A02E2817C839005F3FA8 /* TOCropOverlayView.h */,
				8014A02F2817C839005F3FA8 /* TOCropToolbar.h */,
				8014A0302817C839005F3FA8 /* TOCropScrollView.m */,
				8014A0312817C839005F3FA8 /* TOCropView.m */,
				8014A0322817C839005F3FA8 /* TOCropOverlayView.m */,
				8014A0332817C839005F3FA8 /* TOCropToolbar.m */,
				8014A0342817C839005F3FA8 /* TOCropScrollView.h */,
			);
			name = Views;
			path = "../../../@Projs/ZigzagIOS/ZTOCropVC/TOCropViewController/Views";
			sourceTree = "<group>";
		};
		8014A03D2817C83D005F3FA8 /* Models */ = {
			isa = PBXGroup;
			children = (
				8014A03E2817C83D005F3FA8 /* TOActivityCroppedImageProvider.m */,
				8014A03F2817C83D005F3FA8 /* UIImage+CropRotate.m */,
				8014A0402817C83D005F3FA8 /* TOCropViewControllerTransitioning.m */,
				8014A0412817C83D005F3FA8 /* TOCroppedImageAttributes.m */,
				8014A0422817C83D005F3FA8 /* TOActivityCroppedImageProvider.h */,
				8014A0432817C83D005F3FA8 /* TOCropViewControllerTransitioning.h */,
				8014A0442817C83D005F3FA8 /* UIImage+CropRotate.h */,
				8014A0452817C83D005F3FA8 /* TOCroppedImageAttributes.h */,
			);
			name = Models;
			path = "../../../@Projs/ZigzagIOS/ZTOCropVC/TOCropViewController/Models";
			sourceTree = "<group>";
		};
		8014A04E2817C862005F3FA8 /* ObjC */ = {
			isa = PBXGroup;
			children = (
				8014A0512817C862005F3FA8 /* UITextView+Placeholder.m */,
				8014A0532817C862005F3FA8 /* UITextView+Placeholder.h */,
			);
			path = ObjC;
			sourceTree = "<group>";
		};
/* End PBXGroup section */

/* Begin PBXHeadersBuildPhase section */
		8014A0112817C79E005F3FA8 /* Headers */ = {
			isa = PBXHeadersBuildPhase;
			buildActionMask = 2147483647;
			files = (
				8014A0352817C839005F3FA8 /* TOCropView.h in Headers */,
				8014A04C2817C83D005F3FA8 /* UIImage+CropRotate.h in Headers */,
				8014A0252817C7D0005F3FA8 /* TOCropViewController.h in Headers */,
				8014A04A2817C83D005F3FA8 /* TOActivityCroppedImageProvider.h in Headers */,
				8014A0362817C839005F3FA8 /* TOCropOverlayView.h in Headers */,
				8014A04D2817C83D005F3FA8 /* TOCroppedImageAttributes.h in Headers */,
				8014A0582817C862005F3FA8 /* UITextView+Placeholder.h in Headers */,
				8014A03C2817C839005F3FA8 /* TOCropScrollView.h in Headers */,
				8014A0372817C839005F3FA8 /* TOCropToolbar.h in Headers */,
				8014A04B2817C83D005F3FA8 /* TOCropViewControllerTransitioning.h in Headers */,
			);
			runOnlyForDeploymentPostprocessing = 0;
		};
/* End PBXHeadersBuildPhase section */

/* Begin PBXNativeTarget section */
		8014A0152817C79E005F3FA8 /* TOCropViewController */ = {
			isa = PBXNativeTarget;
			buildConfigurationList = 8014A01D2817C79E005F3FA8 /* Build configuration list for PBXNativeTarget "TOCropViewController" */;
			buildPhases = (
				8014A0112817C79E005F3FA8 /* Headers */,
				8014A0122817C79E005F3FA8 /* Sources */,
				8014A0132817C79E005F3FA8 /* Frameworks */,
				8014A0142817C79E005F3FA8 /* Resources */,
			);
			buildRules = (
			);
			dependencies = (
			);
			name = TOCropViewController;
			productName = TOCropViewController;
			productReference = 8014A0162817C79E005F3FA8 /* TOCropViewController.framework */;
			productType = "com.apple.product-type.framework";
		};
/* End PBXNativeTarget section */

/* Begin PBXProject section */
		8014A00D2817C79E005F3FA8 /* Project object */ = {
			isa = PBXProject;
			attributes = {
				BuildIndependentTargetsInParallel = 1;
				LastUpgradeCheck = 1330;
				TargetAttributes = {
					8014A0152817C79E005F3FA8 = {
						CreatedOnToolsVersion = 13.3;
						LastSwiftMigration = 1330;
					};
				};
			};
			buildConfigurationList = 8014A0102817C79E005F3FA8 /* Build configuration list for PBXProject "TOCropViewController" */;
			compatibilityVersion = "Xcode 13.0";
			developmentRegion = en;
			hasScannedForEncodings = 0;
			knownRegions = (
				en,
				Base,
			);
			mainGroup = 8014A00C2817C79E005F3FA8;
			productRefGroup = 8014A0172817C79E005F3FA8 /* Products */;
			projectDirPath = "";
			projectRoot = "";
			targets = (
				8014A0152817C79E005F3FA8 /* TOCropViewController */,
			);
		};
/* End PBXProject section */

/* Begin PBXResourcesBuildPhase section */
		8014A0142817C79E005F3FA8 /* Resources */ = {
			isa = PBXResourcesBuildPhase;
			buildActionMask = 2147483647;
			files = (
			);
			runOnlyForDeploymentPostprocessing = 0;
		};
/* End PBXResourcesBuildPhase section */

/* Begin PBXSourcesBuildPhase section */
		8014A0122817C79E005F3FA8 /* Sources */ = {
			isa = PBXSourcesBuildPhase;
			buildActionMask = 2147483647;
			files = (
				8014A0392817C839005F3FA8 /* TOCropView.m in Sources */,
				8014A03B2817C839005F3FA8 /* TOCropToolbar.m in Sources */,
				8014A0242817C7D0005F3FA8 /* TOCropViewController.m in Sources */,
				8014A03A2817C839005F3FA8 /* TOCropOverlayView.m in Sources */,
				8014A0492817C83D005F3FA8 /* TOCroppedImageAttributes.m in Sources */,
				8014A0562817C862005F3FA8 /* UITextView+Placeholder.m in Sources */,
				8014A0462817C83D005F3FA8 /* TOActivityCroppedImageProvider.m in Sources */,
				8014A0482817C83D005F3FA8 /* TOCropViewControllerTransitioning.m in Sources */,
				8014A0472817C83D005F3FA8 /* UIImage+CropRotate.m in Sources */,
				8014A0382817C839005F3FA8 /* TOCropScrollView.m in Sources */,
			);
			runOnlyForDeploymentPostprocessing = 0;
		};
/* End PBXSourcesBuildPhase section */

/* Begin XCBuildConfiguration section */
		8014A01B2817C79E005F3FA8 /* Debug */ = {
			isa = XCBuildConfiguration;
			buildSettings = {
				ALWAYS_SEARCH_USER_PATHS = NO;
				CLANG_ANALYZER_NONNULL = YES;
				CLANG_ANALYZER_NUMBER_OBJECT_CONVERSION = YES_AGGRESSIVE;
				CLANG_CXX_LANGUAGE_STANDARD = "gnu++17";
				CLANG_ENABLE_MODULES = YES;
				CLANG_ENABLE_OBJC_ARC = YES;
				CLANG_ENABLE_OBJC_WEAK = YES;
				CLANG_WARN_BLOCK_CAPTURE_AUTORELEASING = YES;
				CLANG_WARN_BOOL_CONVERSION = YES;
				CLANG_WARN_COMMA = YES;
				CLANG_WARN_CONSTANT_CONVERSION = YES;
				CLANG_WARN_DEPRECATED_OBJC_IMPLEMENTATIONS = YES;
				CLANG_WARN_DIRECT_OBJC_ISA_USAGE = YES_ERROR;
				CLANG_WARN_DOCUMENTATION_COMMENTS = YES;
				CLANG_WARN_EMPTY_BODY = YES;
				CLANG_WARN_ENUM_CONVERSION = YES;
				CLANG_WARN_INFINITE_RECURSION = YES;
				CLANG_WARN_INT_CONVERSION = YES;
				CLANG_WARN_NON_LITERAL_NULL_CONVERSION = YES;
				CLANG_WARN_OBJC_IMPLICIT_RETAIN_SELF = YES;
				CLANG_WARN_OBJC_LITERAL_CONVERSION = YES;
				CLANG_WARN_OBJC_ROOT_CLASS = YES_ERROR;
				CLANG_WARN_QUOTED_INCLUDE_IN_FRAMEWORK_HEADER = YES;
				CLANG_WARN_RANGE_LOOP_ANALYSIS = YES;
				CLANG_WARN_STRICT_PROTOTYPES = YES;
				CLANG_WARN_SUSPICIOUS_MOVE = YES;
				CLANG_WARN_UNGUARDED_AVAILABILITY = YES_AGGRESSIVE;
				CLANG_WARN_UNREACHABLE_CODE = YES;
				CLANG_WARN__DUPLICATE_METHOD_MATCH = YES;
				COPY_PHASE_STRIP = NO;
				CURRENT_PROJECT_VERSION = 1;
				DEBUG_INFORMATION_FORMAT = dwarf;
				ENABLE_STRICT_OBJC_MSGSEND = YES;
				ENABLE_TESTABILITY = YES;
				GCC_C_LANGUAGE_STANDARD = gnu11;
				GCC_DYNAMIC_NO_PIC = NO;
				GCC_NO_COMMON_BLOCKS = YES;
				GCC_OPTIMIZATION_LEVEL = 0;
				GCC_PREPROCESSOR_DEFINITIONS = (
					"DEBUG=1",
					"$(inherited)",
				);
				GCC_WARN_64_TO_32_BIT_CONVERSION = YES;
				GCC_WARN_ABOUT_RETURN_TYPE = YES_ERROR;
				GCC_WARN_UNDECLARED_SELECTOR = YES;
				GCC_WARN_UNINITIALIZED_AUTOS = YES_AGGRESSIVE;
				GCC_WARN_UNUSED_FUNCTION = YES;
				GCC_WARN_UNUSED_VARIABLE = YES;
				IPHONEOS_DEPLOYMENT_TARGET = 15.4;
				MTL_ENABLE_DEBUG_INFO = INCLUDE_SOURCE;
				MTL_FAST_MATH = YES;
				ONLY_ACTIVE_ARCH = YES;
				SDKROOT = iphoneos;
				SWIFT_ACTIVE_COMPILATION_CONDITIONS = DEBUG;
				SWIFT_OPTIMIZATION_LEVEL = "-Onone";
				VERSIONING_SYSTEM = "apple-generic";
				VERSION_INFO_PREFIX = "";
			};
			name = Debug;
		};
		8014A01C2817C79E005F3FA8 /* Release */ = {
			isa = XCBuildConfiguration;
			buildSettings = {
				ALWAYS_SEARCH_USER_PATHS = NO;
				CLANG_ANALYZER_NONNULL = YES;
				CLANG_ANALYZER_NUMBER_OBJECT_CONVERSION = YES_AGGRESSIVE;
				CLANG_CXX_LANGUAGE_STANDARD = "gnu++17";
				CLANG_ENABLE_MODULES = YES;
				CLANG_ENABLE_OBJC_ARC = YES;
				CLANG_ENABLE_OBJC_WEAK = YES;
				CLANG_WARN_BLOCK_CAPTURE_AUTORELEASING = YES;
				CLANG_WARN_BOOL_CONVERSION = YES;
				CLANG_WARN_COMMA = YES;
				CLANG_WARN_CONSTANT_CONVERSION = YES;
				CLANG_WARN_DEPRECATED_OBJC_IMPLEMENTATIONS = YES;
				CLANG_WARN_DIRECT_OBJC_ISA_USAGE = YES_ERROR;
				CLANG_WARN_DOCUMENTATION_COMMENTS = YES;
				CLANG_WARN_EMPTY_BODY = YES;
				CLANG_WARN_ENUM_CONVERSION = YES;
				CLANG_WARN_INFINITE_RECURSION = YES;
				CLANG_WARN_INT_CONVERSION = YES;
				CLANG_WARN_NON_LITERAL_NULL_CONVERSION = YES;
				CLANG_WARN_OBJC_IMPLICIT_RETAIN_SELF = YES;
				CLANG_WARN_OBJC_LITERAL_CONVERSION = YES;
				CLANG_WARN_OBJC_ROOT_CLASS = YES_ERROR;
				CLANG_WARN_QUOTED_INCLUDE_IN_FRAMEWORK_HEADER = YES;
				CLANG_WARN_RANGE_LOOP_ANALYSIS = YES;
				CLANG_WARN_STRICT_PROTOTYPES = YES;
				CLANG_WARN_SUSPICIOUS_MOVE = YES;
				CLANG_WARN_UNGUARDED_AVAILABILITY = YES_AGGRESSIVE;
				CLANG_WARN_UNREACHABLE_CODE = YES;
				CLANG_WARN__DUPLICATE_METHOD_MATCH = YES;
				COPY_PHASE_STRIP = NO;
				CURRENT_PROJECT_VERSION = 1;
				DEBUG_INFORMATION_FORMAT = "dwarf-with-dsym";
				ENABLE_NS_ASSERTIONS = NO;
				ENABLE_STRICT_OBJC_MSGSEND = YES;
				GCC_C_LANGUAGE_STANDARD = gnu11;
				GCC_NO_COMMON_BLOCKS = YES;
				GCC_WARN_64_TO_32_BIT_CONVERSION = YES;
				GCC_WARN_ABOUT_RETURN_TYPE = YES_ERROR;
				GCC_WARN_UNDECLARED_SELECTOR = YES;
				GCC_WARN_UNINITIALIZED_AUTOS = YES_AGGRESSIVE;
				GCC_WARN_UNUSED_FUNCTION = YES;
				GCC_WARN_UNUSED_VARIABLE = YES;
				IPHONEOS_DEPLOYMENT_TARGET = 15.4;
				MTL_ENABLE_DEBUG_INFO = NO;
				MTL_FAST_MATH = YES;
				SDKROOT = iphoneos;
				SWIFT_COMPILATION_MODE = wholemodule;
				SWIFT_OPTIMIZATION_LEVEL = "-O";
				VALIDATE_PRODUCT = YES;
				VERSIONING_SYSTEM = "apple-generic";
				VERSION_INFO_PREFIX = "";
			};
			name = Release;
		};
		8014A01E2817C79E005F3FA8 /* Debug */ = {
			isa = XCBuildConfiguration;
			buildSettings = {
				CLANG_ENABLE_MODULES = YES;
				CODE_SIGN_STYLE = Automatic;
				CURRENT_PROJECT_VERSION = 1;
				DEFINES_MODULE = YES;
				DYLIB_COMPATIBILITY_VERSION = 1;
				DYLIB_CURRENT_VERSION = 1;
				DYLIB_INSTALL_NAME_BASE = "@rpath";
				GENERATE_INFOPLIST_FILE = YES;
				INFOPLIST_KEY_NSHumanReadableCopyright = "";
				INSTALL_PATH = "$(LOCAL_LIBRARY_DIR)/Frameworks";
				LD_RUNPATH_SEARCH_PATHS = (
					"$(inherited)",
					"@executable_path/Frameworks",
					"@loader_path/Frameworks",
				);
				MARKETING_VERSION = 1.0;
				PRODUCT_BUNDLE_IDENTIFIER = com.mohammadnt.TOCropViewController;
				PRODUCT_NAME = "$(TARGET_NAME:c99extidentifier)";
				SKIP_INSTALL = YES;
				SWIFT_EMIT_LOC_STRINGS = YES;
				SWIFT_OPTIMIZATION_LEVEL = "-Onone";
				SWIFT_VERSION = 5.0;
				TARGETED_DEVICE_FAMILY = "1,2";
			};
			name = Debug;
		};
		8014A01F2817C79E005F3FA8 /* Release */ = {
			isa = XCBuildConfiguration;
			buildSettings = {
				CLANG_ENABLE_MODULES = YES;
				CODE_SIGN_STYLE = Automatic;
				CURRENT_PROJECT_VERSION = 1;
				DEFINES_MODULE = YES;
				DYLIB_COMPATIBILITY_VERSION = 1;
				DYLIB_CURRENT_VERSION = 1;
				DYLIB_INSTALL_NAME_BASE = "@rpath";
				GENERATE_INFOPLIST_FILE = YES;
				INFOPLIST_KEY_NSHumanReadableCopyright = "";
				INSTALL_PATH = "$(LOCAL_LIBRARY_DIR)/Frameworks";
				LD_RUNPATH_SEARCH_PATHS = (
					"$(inherited)",
					"@executable_path/Frameworks",
					"@loader_path/Frameworks",
				);
				MARKETING_VERSION = 1.0;
				PRODUCT_BUNDLE_IDENTIFIER = com.mohammadnt.TOCropViewController;
				PRODUCT_NAME = "$(TARGET_NAME:c99extidentifier)";
				SKIP_INSTALL = YES;
				SWIFT_EMIT_LOC_STRINGS = YES;
				SWIFT_VERSION = 5.0;
				TARGETED_DEVICE_FAMILY = "1,2";
			};
			name = Release;
		};
/* End XCBuildConfiguration section */

/* Begin XCConfigurationList section */
		8014A0102817C79E005F3FA8 /* Build configuration list for PBXProject "TOCropViewController" */ = {
			isa = XCConfigurationList;
			buildConfigurations = (
				8014A01B2817C79E005F3FA8 /* Debug */,
				8014A01C2817C79E005F3FA8 /* Release */,
			);
			defaultConfigurationIsVisible = 0;
			defaultConfigurationName = Release;
		};
		8014A01D2817C79E005F3FA8 /* Build configuration list for PBXNativeTarget "TOCropViewController" */ = {
			isa = XCConfigurationList;
			buildConfigurations = (
				8014A01E2817C79E005F3FA8 /* Debug */,
				8014A01F2817C79E005F3FA8 /* Release */,
			);
			defaultConfigurationIsVisible = 0;
			defaultConfigurationName = Release;
		};
/* End XCConfigurationList section */
	};
	rootObject = 8014A00D2817C79E005F3FA8 /* Project object */;
}
